<?xml version="1.0" encoding="UTF-8" standalone="yes" ?>
<CodeBlocks_project_file>
	<FileVersion major="1" minor="6" />
	<Project>
		<Option title="Spoyler" />
		<Option pch_mode="2" />
		<Option compiler="gcc" />
		<Build>
			<Target title="Debug">
				<Option output="bin/Debug/Spoyler" prefix_auto="1" extension_auto="1" />
				<Option object_output="obj/Debug/" />
				<Option type="1" />
				<Option compiler="gcc" />
				<Compiler>
					<Add option="-std=c++11" />
					<Add option="-Wfatal-errors" />
					<Add option="-g" />
					<Add directory="include" />
					<Add directory="C:/Program Files (x86)/Expat 2.1.0/Source/lib" />
					<Add directory="C:/MinGW/include" />
					<Add directory="C:/Users/Alecca/Downloads/boost_1_55_0/boost_1_55_0/DIR/include/boost-1_55" />
				</Compiler>
				<Linker>
					<Add library="C:\MinGW\lib\libexpat.dll.a" />
					<Add library="C:\MinGW\lib\liblua.a" />
					<Add directory="C:/Users/Alecca/Downloads/boost_1_55_0/boost_1_55_0/DIR/lib" />
				</Linker>
			</Target>
			<Target title="Release">
				<Option output="bin/Release/Spoyler" prefix_auto="1" extension_auto="1" />
				<Option object_output="obj/Release/" />
				<Option type="0" />
				<Option compiler="gcc" />
				<Compiler>
					<Add option="-O2" />
					<Add directory="include" />
				</Compiler>
				<Linker>
					<Add option="-s" />
				</Linker>
			</Target>
		</Build>
		<Compiler>
			<Add option="-Wall" />
			<Add directory="C:/Program Files (x86)/GnuWin32/include" />
		</Compiler>
		<Linker>
			<Add library="gdi32" />
			<Add library="user32" />
			<Add library="kernel32" />
			<Add library="comctl32" />
		</Linker>
		<Unit filename="include/ArtistOverviewView.h" />
		<Unit filename="include/ArtistView.h" />
		<Unit filename="include/BoxElement.h" />
		<Unit filename="include/ButtonElement.h" />
		<Unit filename="include/Color.h" />
		<Unit filename="include/DOMViewElement.h" />
		<Unit filename="include/DoctrineView.h" />
		<Unit filename="include/Element.h" />
		<Unit filename="include/Entity.h" />
		<Unit filename="include/EventArgs.h" />
		<Unit filename="include/FlowElement.h" />
		<Unit filename="include/FontStyle.h" />
		<Unit filename="include/GraphicsContext.h" />
		<Unit filename="include/HBoxElement.h" />
		<Unit filename="include/HTML.h" />
		<Unit filename="include/HeaderElement.h" />
		<Unit filename="include/ImageElement.h" />
		<Unit filename="include/InfoElement.h" />
		<Unit filename="include/InputElement.h" />
		<Unit filename="include/InputEventArgs.h" />
		<Unit filename="include/LinkElement.h" />
		<Unit filename="include/MainWindowElement.h" />
		<Unit filename="include/MouseEventArgs.h" />
		<Unit filename="include/Node.h" />
		<Unit filename="include/Observable.h" />
		<Unit filename="include/Observer.h" />
		<Unit filename="include/PlayQueueView.h" />
		<Unit filename="include/Resource.h" />
		<Unit filename="include/ResourceElement.h" />
		<Unit filename="include/SPType.h" />
		<Unit filename="include/SplitterElement.h" />
		<Unit filename="include/StartView.h" />
		<Unit filename="include/Stylesheet.h" />
		<Unit filename="include/TabBarElement.h" />
		<Unit filename="include/TabbarViewElement.h" />
		<Unit filename="include/TableElement.h" />
		<Unit filename="include/TableViewCell.h" />
		<Unit filename="include/TableViewColumn.h" />
		<Unit filename="include/TableViewDataSource.h" />
		<Unit filename="include/TableViewElement.h" />
		<Unit filename="include/TextElement.h" />
		<Unit filename="include/TitleElement.h" />
		<Unit filename="include/TreeAdapter.h" />
		<Unit filename="include/TreeItem.h" />
		<Unit filename="include/TreeViewElement.h" />
		<Unit filename="include/Uri.h" />
		<Unit filename="include/UserView.h" />
		<Unit filename="include/VBoxElement.h" />
		<Unit filename="include/ViewElement.h" />
		<Unit filename="include/ViewStackElement.h" />
		<Unit filename="include/WhatsNewView.h" />
		<Unit filename="include/Win32GraphicsContext.h" />
		<Unit filename="include/Win32WindowElement.h" />
		<Unit filename="include/WindowElement.h" />
		<Unit filename="include/elements.h" />
		<Unit filename="include/libspider.h" />
		<Unit filename="include/luahtml.h" />
		<Unit filename="include/main.h" />
		<Unit filename="src/ArtistOverviewView.cpp" />
		<Unit filename="src/ArtistView.cpp" />
		<Unit filename="src/BoxElement.cpp" />
		<Unit filename="src/ButtonElement.cpp" />
		<Unit filename="src/Color.cpp" />
		<Unit filename="src/DOMViewElement.cpp" />
		<Unit filename="src/DoctrineView.cpp" />
		<Unit filename="src/Element.cpp" />
		<Unit filename="src/Entity.cpp" />
		<Unit filename="src/EventArgs.cpp" />
		<Unit filename="src/FlowElement.cpp" />
		<Unit filename="src/FontStyle.cpp" />
		<Unit filename="src/GraphicsContext.cpp" />
		<Unit filename="src/HBoxElement.cpp" />
		<Unit filename="src/HTML.cpp" />
		<Unit filename="src/HeaderElement.cpp" />
		<Unit filename="src/ImageElement.cpp" />
		<Unit filename="src/InfoElement.cpp" />
		<Unit filename="src/InputElement.cpp" />
		<Unit filename="src/InputEventArgs.cpp" />
		<Unit filename="src/LinkElement.cpp" />
		<Unit filename="src/MainWindowElement.cpp" />
		<Unit filename="src/MouseEventArgs.cpp" />
		<Unit filename="src/Node.cpp" />
		<Unit filename="src/Observable.cpp" />
		<Unit filename="src/Observer.cpp" />
		<Unit filename="src/PlayQueueView.cpp" />
		<Unit filename="src/Resource.cpp" />
		<Unit filename="src/ResourceElement.cpp" />
		<Unit filename="src/SPType.cpp" />
		<Unit filename="src/SplitterElement.cpp" />
		<Unit filename="src/StartView.cpp" />
		<Unit filename="src/Stylesheet.cpp" />
		<Unit filename="src/TabBarElement.cpp" />
		<Unit filename="src/TabbarViewElement.cpp" />
		<Unit filename="src/TableElement.cpp" />
		<Unit filename="src/TableViewCell.cpp" />
		<Unit filename="src/TableViewColumn.cpp" />
		<Unit filename="src/TableViewDataSource.cpp" />
		<Unit filename="src/TableViewElement.cpp" />
		<Unit filename="src/TextElement.cpp" />
		<Unit filename="src/TitleElement.cpp" />
		<Unit filename="src/TreeAdapter.cpp" />
		<Unit filename="src/TreeItem.cpp" />
		<Unit filename="src/TreeViewElement.cpp" />
		<Unit filename="src/Uri.cpp" />
		<Unit filename="src/UserView.cpp" />
		<Unit filename="src/VBoxElement.cpp" />
		<Unit filename="src/ViewElement.cpp" />
		<Unit filename="src/ViewStackElement.cpp" />
		<Unit filename="src/WhatsNewView.cpp" />
		<Unit filename="src/Win32GraphicsContext.cpp" />
		<Unit filename="src/Win32WindowElement.cpp" />
		<Unit filename="src/WindowElement.cpp" />
		<Unit filename="src/boxmodel.cpp" />
		<Unit filename="src/libspider.cpp" />
		<Unit filename="src/main.cpp" />
		<Extensions>
			<code_completion />
			<envvars />
			<debugger />
			<lib_finder disable_auto="1" />
		</Extensions>
	</Project>
</CodeBlocks_project_file>
